{
  "version": "5",
  "specifiers": {
    "jsr:@hono/hono@^4.12.10": "4.12.10",
    "npm:marked@^17.0.5": "17.0.5"
  },
  "jsr": {
    "@hono/hono@4.12.10": {
      "integrity": "6e608e50bb13fd0933e86fda95d31c1ff57d1c8774ed585d6a8b8fc1bdd82c82"
    }
  },
  "npm": {
    "marked@17.0.5": {
      "integrity": "sha512-6hLvc0/JEbRjRgzI6wnT2P1XuM1/RrrDEX0kPt0N7jGm1133g6X7DlxFasUIx+72aKAr904GTxhSLDrd5DIlZg==",
      "bin": true
    }
  },
  "workspace": {
    "dependencies": [
      "jsr:@hono/hono@^4.12.10",
      "npm:marked@^17.0.5"
    ]
  }
}
